
Microsoft Visual Studio Solution File, Format Version 12.00
# Visual Studio Version 16
VisualStudioVersion = 16.0.31702.278
MinimumVisualStudioVersion = 10.0.40219.1
Project("{FAE04EC0-301F-11D3-BF4B-00C04F79EFBC}") = "DI-UT1-Actividad1.1", "DI-UT1-Actividad1.1\DI-UT1-Actividad1.1.csproj", "{F352548E-DA0F-453C-BCF8-724B4EBB04CF}"
EndProject
Global
	GlobalSection(SolutionConfigurationPlatforms) = preSolution
		Debug|Any CPU = Debug|Any CPU
		Release|Any CPU = Release|Any CPU
	EndGlobalSection
	GlobalSection(ProjectConfigurationPlatforms) = postSolution
		{F352548E-DA0F-453C-BCF8-724B4EBB04CF}.Debug|Any CPU.ActiveCfg = Debug|Any CPU
		{F352548E-DA0F-453C-BCF8-724B4EBB04CF}.Debug|Any CPU.Build.0 = Debug|Any CPU
		{F352548E-DA0F-453C-BCF8-724B4EBB04CF}.Release|Any CPU.ActiveCfg = Release|Any CPU
		{F352548E-DA0F-453C-BCF8-724B4EBB04CF}.Release|Any CPU.Build.0 = Release|Any CPU
	EndGlobalSection
	GlobalSection(SolutionProperties) = preSolution
		HideSolutionNode = FALSE
	EndGlobalSection
	GlobalSection(ExtensibilityGlobals) = postSolution
		SolutionGuid = {E105EE61-88CA-4C28-B352-5D2FAF762689}
	EndGlobalSection
EndGlobal
